// !$*UTF8*$!
{
	archiveVersion = 1;
	classes = {
	};
	objectVersion = 46;
	objects = {

/* Begin PBXBuildFile section */
		E10430CC1DD780EE00BA83D5 /* Text.DieDreiFrageZeichenKids.PanikImParadies.txt in Resources */ = {isa = PBXBuildFile; fileRef = E10430CB1DD780EE00BA83D5 /* Text.DieDreiFrageZeichenKids.PanikImParadies.txt */; };
		E10430CE1DD782FF00BA83D5 /* Text.Die Teufelskicker Eine knallharte Saison.txt in Resources */ = {isa = PBXBuildFile; fileRef = E10430CD1DD782FF00BA83D5 /* Text.Die Teufelskicker Eine knallharte Saison.txt */; };
		E110FDE21DDA6333009F09DE /* UIStoryCollectionViewCell.swift in Sources */ = {isa = PBXBuildFile; fileRef = E110FDE11DDA6333009F09DE /* UIStoryCollectionViewCell.swift */; };
		E1152D1B1DC5508000C0083F /* StoryModelTests.swift in Sources */ = {isa = PBXBuildFile; fileRef = E1152D1A1DC5508000C0083F /* StoryModelTests.swift */; };
		E16988AC1DC401D800E6F8DF /* GameViewController.swift in Sources */ = {isa = PBXBuildFile; fileRef = E16988AB1DC401D800E6F8DF /* GameViewController.swift */; };
		E16988AE1DC40EB300E6F8DF /* GamePlayerModel.swift in Sources */ = {isa = PBXBuildFile; fileRef = E16988AD1DC40EB300E6F8DF /* GamePlayerModel.swift */; };
		E16988B61DC4983800E6F8DF /* KidsHelpReadingTests.swift in Sources */ = {isa = PBXBuildFile; fileRef = E16988B51DC4983800E6F8DF /* KidsHelpReadingTests.swift */; };
		E16988BD1DC4990700E6F8DF /* GamePlayerModel.swift in Sources */ = {isa = PBXBuildFile; fileRef = E16988AD1DC40EB300E6F8DF /* GamePlayerModel.swift */; };
		E16988BF1DC49AEC00E6F8DF /* DataContainer.swift in Sources */ = {isa = PBXBuildFile; fileRef = E1B62E951DC2C4B2009E2D98 /* DataContainer.swift */; };
		E19CA43F1DC28DF3000C6C7C /* AppDelegate.swift in Sources */ = {isa = PBXBuildFile; fileRef = E19CA43E1DC28DF3000C6C7C /* AppDelegate.swift */; };
		E19CA4411DC28DF3000C6C7C /* ReadViewController.swift in Sources */ = {isa = PBXBuildFile; fileRef = E19CA4401DC28DF3000C6C7C /* ReadViewController.swift */; };
		E19CA4431DC28DF3000C6C7C /* CreatorViewController.swift in Sources */ = {isa = PBXBuildFile; fileRef = E19CA4421DC28DF3000C6C7C /* CreatorViewController.swift */; };
		E19CA4461DC28DF3000C6C7C /* Main.storyboard in Resources */ = {isa = PBXBuildFile; fileRef = E19CA4441DC28DF3000C6C7C /* Main.storyboard */; };
		E19CA4481DC28DF3000C6C7C /* Assets.xcassets in Resources */ = {isa = PBXBuildFile; fileRef = E19CA4471DC28DF3000C6C7C /* Assets.xcassets */; };
		E19CA44B1DC28DF3000C6C7C /* LaunchScreen.storyboard in Resources */ = {isa = PBXBuildFile; fileRef = E19CA4491DC28DF3000C6C7C /* LaunchScreen.storyboard */; };
		E19CA4541DC29138000C6C7C /* Credits.rtf in Resources */ = {isa = PBXBuildFile; fileRef = E19CA4531DC29138000C6C7C /* Credits.rtf */; };
		E1ABF07E1DC5546600DC42EB /* GenericTestCase.swift in Sources */ = {isa = PBXBuildFile; fileRef = E1ABF07D1DC5546600DC42EB /* GenericTestCase.swift */; };
		E1ABF07F1DC5622300DC42EB /* AppDelegate.swift in Sources */ = {isa = PBXBuildFile; fileRef = E19CA43E1DC28DF3000C6C7C /* AppDelegate.swift */; };
		E1ABF0801DC5680000DC42EB /* Model.xcdatamodeld in Sources */ = {isa = PBXBuildFile; fileRef = E1B62E081DC2A8F2009E2D98 /* Model.xcdatamodeld */; };
		E1ABF0831DC5978E00DC42EB /* Text.Die Kleine Hexe.txt in Resources */ = {isa = PBXBuildFile; fileRef = E1ABF0821DC5978E00DC42EB /* Text.Die Kleine Hexe.txt */; };
		E1ABF0851DC5984E00DC42EB /* Text.Das kleine Gespenst.txt in Resources */ = {isa = PBXBuildFile; fileRef = E1ABF0841DC5984E00DC42EB /* Text.Das kleine Gespenst.txt */; };
		E1ABF0891DC5A1AB00DC42EB /* Text.Yannicks Wörter.txt in Resources */ = {isa = PBXBuildFile; fileRef = E1ABF0881DC5A1AB00DC42EB /* Text.Yannicks Wörter.txt */; };
		E1ABF08D1DC6075000DC42EB /* Text.Beast Quest - Arachnid, Meister der Spinnen.txt in Resources */ = {isa = PBXBuildFile; fileRef = E1ABF08C1DC6075000DC42EB /* Text.Beast Quest - Arachnid, Meister der Spinnen.txt */; };
		E1B62E071DC2A833009E2D98 /* SettingsViewController.swift in Sources */ = {isa = PBXBuildFile; fileRef = E1B62E061DC2A833009E2D98 /* SettingsViewController.swift */; };
		E1B62E0A1DC2A8F2009E2D98 /* Model.xcdatamodeld in Sources */ = {isa = PBXBuildFile; fileRef = E1B62E081DC2A8F2009E2D98 /* Model.xcdatamodeld */; };
		E1B62E0C1DC2AF67009E2D98 /* CoreData.framework in Frameworks */ = {isa = PBXBuildFile; fileRef = E1B62E0B1DC2AF67009E2D98 /* CoreData.framework */; };
		E1B62E961DC2C4B2009E2D98 /* DataContainer.swift in Sources */ = {isa = PBXBuildFile; fileRef = E1B62E951DC2C4B2009E2D98 /* DataContainer.swift */; };
		E1E717F11DD8967500C81A6A /* TesseractOCR.framework in Frameworks */ = {isa = PBXBuildFile; fileRef = E1E717DA1DD8967500C81A6A /* TesseractOCR.framework */; };
		E1E7180C1DD8977300C81A6A /* CoreImage.framework in Frameworks */ = {isa = PBXBuildFile; fileRef = E1E7180B1DD8977300C81A6A /* CoreImage.framework */; };
		E1E7180E1DD8978E00C81A6A /* libstdc++.6.0.9.tbd in Frameworks */ = {isa = PBXBuildFile; fileRef = E1E7180D1DD8978E00C81A6A /* libstdc++.6.0.9.tbd */; };
		E1FD44F81DD8B0E400258A83 /* tessdata in Resources */ = {isa = PBXBuildFile; fileRef = E1FD44F71DD8B0E400258A83 /* tessdata */; };
/* End PBXBuildFile section */

/* Begin PBXContainerItemProxy section */
		E16988B81DC4983800E6F8DF /* PBXContainerItemProxy */ = {
			isa = PBXContainerItemProxy;
			containerPortal = E19CA4331DC28DF3000C6C7C /* Project object */;
			proxyType = 1;
			remoteGlobalIDString = E19CA43A1DC28DF3000C6C7C;
			remoteInfo = KidsHelpReading;
		};
/* End PBXContainerItemProxy section */

/* Begin PBXFileReference section */
		E10430CB1DD780EE00BA83D5 /* Text.DieDreiFrageZeichenKids.PanikImParadies.txt */ = {isa = PBXFileReference; fileEncoding = 4; lastKnownFileType = text; path = Text.DieDreiFrageZeichenKids.PanikImParadies.txt; sourceTree = "<group>"; };
		E10430CD1DD782FF00BA83D5 /* Text.Die Teufelskicker Eine knallharte Saison.txt */ = {isa = PBXFileReference; fileEncoding = 4; lastKnownFileType = text; path = "Text.Die Teufelskicker Eine knallharte Saison.txt"; sourceTree = "<group>"; };
		E110FDE11DDA6333009F09DE /* UIStoryCollectionViewCell.swift */ = {isa = PBXFileReference; fileEncoding = 4; lastKnownFileType = sourcecode.swift; path = UIStoryCollectionViewCell.swift; sourceTree = "<group>"; };
		E110FDE71DDCE967009F09DE /* KidsHelpReading.entitlements */ = {isa = PBXFileReference; lastKnownFileType = text.plist.entitlements; path = KidsHelpReading.entitlements; sourceTree = "<group>"; };
		E1152D1A1DC5508000C0083F /* StoryModelTests.swift */ = {isa = PBXFileReference; fileEncoding = 4; lastKnownFileType = sourcecode.swift; path = StoryModelTests.swift; sourceTree = "<group>"; };
		E16988AB1DC401D800E6F8DF /* GameViewController.swift */ = {isa = PBXFileReference; fileEncoding = 4; lastKnownFileType = sourcecode.swift; path = GameViewController.swift; sourceTree = "<group>"; };
		E16988AD1DC40EB300E6F8DF /* GamePlayerModel.swift */ = {isa = PBXFileReference; fileEncoding = 4; lastKnownFileType = sourcecode.swift; path = GamePlayerModel.swift; sourceTree = "<group>"; };
		E16988B31DC4983800E6F8DF /* KidsHelpReadingTests.xctest */ = {isa = PBXFileReference; explicitFileType = wrapper.cfbundle; includeInIndex = 0; path = KidsHelpReadingTests.xctest; sourceTree = BUILT_PRODUCTS_DIR; };
		E16988B51DC4983800E6F8DF /* KidsHelpReadingTests.swift */ = {isa = PBXFileReference; lastKnownFileType = sourcecode.swift; path = KidsHelpReadingTests.swift; sourceTree = "<group>"; };
		E16988B71DC4983800E6F8DF /* Info.plist */ = {isa = PBXFileReference; lastKnownFileType = text.plist.xml; path = Info.plist; sourceTree = "<group>"; };
		E19CA43B1DC28DF3000C6C7C /* KidsHelpReading.app */ = {isa = PBXFileReference; explicitFileType = wrapper.application; includeInIndex = 0; path = KidsHelpReading.app; sourceTree = BUILT_PRODUCTS_DIR; };
		E19CA43E1DC28DF3000C6C7C /* AppDelegate.swift */ = {isa = PBXFileReference; lastKnownFileType = sourcecode.swift; path = AppDelegate.swift; sourceTree = "<group>"; };
		E19CA4401DC28DF3000C6C7C /* ReadViewController.swift */ = {isa = PBXFileReference; lastKnownFileType = sourcecode.swift; path = ReadViewController.swift; sourceTree = "<group>"; };
		E19CA4421DC28DF3000C6C7C /* CreatorViewController.swift */ = {isa = PBXFileReference; lastKnownFileType = sourcecode.swift; path = CreatorViewController.swift; sourceTree = "<group>"; };
		E19CA4451DC28DF3000C6C7C /* Base */ = {isa = PBXFileReference; lastKnownFileType = file.storyboard; name = Base; path = Base.lproj/Main.storyboard; sourceTree = "<group>"; };
		E19CA4471DC28DF3000C6C7C /* Assets.xcassets */ = {isa = PBXFileReference; lastKnownFileType = folder.assetcatalog; path = Assets.xcassets; sourceTree = "<group>"; };
		E19CA44A1DC28DF3000C6C7C /* Base */ = {isa = PBXFileReference; lastKnownFileType = file.storyboard; name = Base; path = Base.lproj/LaunchScreen.storyboard; sourceTree = "<group>"; };
		E19CA44C1DC28DF3000C6C7C /* Info.plist */ = {isa = PBXFileReference; lastKnownFileType = text.plist.xml; path = Info.plist; sourceTree = "<group>"; };
		E19CA4531DC29138000C6C7C /* Credits.rtf */ = {isa = PBXFileReference; fileEncoding = 4; lastKnownFileType = text.rtf; path = Credits.rtf; sourceTree = "<group>"; };
		E1ABF07D1DC5546600DC42EB /* GenericTestCase.swift */ = {isa = PBXFileReference; fileEncoding = 4; lastKnownFileType = sourcecode.swift; path = GenericTestCase.swift; sourceTree = "<group>"; };
		E1ABF0821DC5978E00DC42EB /* Text.Die Kleine Hexe.txt */ = {isa = PBXFileReference; fileEncoding = 4; lastKnownFileType = text; path = "Text.Die Kleine Hexe.txt"; sourceTree = "<group>"; };
		E1ABF0841DC5984E00DC42EB /* Text.Das kleine Gespenst.txt */ = {isa = PBXFileReference; fileEncoding = 4; lastKnownFileType = text; path = "Text.Das kleine Gespenst.txt"; sourceTree = "<group>"; };
		E1ABF0881DC5A1AB00DC42EB /* Text.Yannicks Wörter.txt */ = {isa = PBXFileReference; fileEncoding = 4; lastKnownFileType = text; path = "Text.Yannicks Wörter.txt"; sourceTree = "<group>"; };
		E1ABF08C1DC6075000DC42EB /* Text.Beast Quest - Arachnid, Meister der Spinnen.txt */ = {isa = PBXFileReference; fileEncoding = 4; lastKnownFileType = text; path = "Text.Beast Quest - Arachnid, Meister der Spinnen.txt"; sourceTree = "<group>"; };
		E1B62E061DC2A833009E2D98 /* SettingsViewController.swift */ = {isa = PBXFileReference; fileEncoding = 4; lastKnownFileType = sourcecode.swift; path = SettingsViewController.swift; sourceTree = "<group>"; };
		E1B62E091DC2A8F2009E2D98 /* Model.xcdatamodel */ = {isa = PBXFileReference; lastKnownFileType = wrapper.xcdatamodel; path = Model.xcdatamodel; sourceTree = "<group>"; };
		E1B62E0B1DC2AF67009E2D98 /* CoreData.framework */ = {isa = PBXFileReference; lastKnownFileType = wrapper.framework; name = CoreData.framework; path = System/Library/Frameworks/CoreData.framework; sourceTree = SDKROOT; };
		E1B62E951DC2C4B2009E2D98 /* DataContainer.swift */ = {isa = PBXFileReference; fileEncoding = 4; lastKnownFileType = sourcecode.swift; path = DataContainer.swift; sourceTree = "<group>"; };
		E1E717DA1DD8967500C81A6A /* TesseractOCR.framework */ = {isa = PBXFileReference; lastKnownFileType = wrapper.framework; name = TesseractOCR.framework; path = KidsHelpReading/TesseractOCR.framework; sourceTree = "<group>"; };
		E1E7180B1DD8977300C81A6A /* CoreImage.framework */ = {isa = PBXFileReference; lastKnownFileType = wrapper.framework; name = CoreImage.framework; path = System/Library/Frameworks/CoreImage.framework; sourceTree = SDKROOT; };
		E1E7180D1DD8978E00C81A6A /* libstdc++.6.0.9.tbd */ = {isa = PBXFileReference; lastKnownFileType = "sourcecode.text-based-dylib-definition"; name = "libstdc++.6.0.9.tbd"; path = "usr/lib/libstdc++.6.0.9.tbd"; sourceTree = SDKROOT; };
		E1E7180F1DD8985E00C81A6A /* KidsHelpReading-Bridging-Header.h */ = {isa = PBXFileReference; lastKnownFileType = sourcecode.c.h; path = "KidsHelpReading-Bridging-Header.h"; sourceTree = "<group>"; };
		E1FD44F71DD8B0E400258A83 /* tessdata */ = {isa = PBXFileReference; lastKnownFileType = folder; name = tessdata; path = KidsHelpReading/tessdata; sourceTree = "<group>"; };
/* End PBXFileReference section */

/* Begin PBXFrameworksBuildPhase section */
		E16988B01DC4983800E6F8DF /* Frameworks */ = {
			isa = PBXFrameworksBuildPhase;
			buildActionMask = 2147483647;
			files = (
			);
			runOnlyForDeploymentPostprocessing = 0;
		};
		E19CA4381DC28DF3000C6C7C /* Frameworks */ = {
			isa = PBXFrameworksBuildPhase;
			buildActionMask = 2147483647;
			files = (
				E1E7180E1DD8978E00C81A6A /* libstdc++.6.0.9.tbd in Frameworks */,
				E1E717F11DD8967500C81A6A /* TesseractOCR.framework in Frameworks */,
				E1B62E0C1DC2AF67009E2D98 /* CoreData.framework in Frameworks */,
				E1E7180C1DD8977300C81A6A /* CoreImage.framework in Frameworks */,
			);
			runOnlyForDeploymentPostprocessing = 0;
		};
/* End PBXFrameworksBuildPhase section */

/* Begin PBXGroup section */
		E16988B41DC4983800E6F8DF /* KidsHelpReadingTests */ = {
			isa = PBXGroup;
			children = (
				E16988B51DC4983800E6F8DF /* KidsHelpReadingTests.swift */,
				E16988B71DC4983800E6F8DF /* Info.plist */,
				E1152D1A1DC5508000C0083F /* StoryModelTests.swift */,
				E1ABF07D1DC5546600DC42EB /* GenericTestCase.swift */,
			);
			path = KidsHelpReadingTests;
			sourceTree = "<group>";
		};
		E19CA4321DC28DF3000C6C7C = {
			isa = PBXGroup;
			children = (
				E1B62E081DC2A8F2009E2D98 /* Model.xcdatamodeld */,
				E19CA43D1DC28DF3000C6C7C /* KidsHelpReading */,
				E16988B41DC4983800E6F8DF /* KidsHelpReadingTests */,
				E19CA43C1DC28DF3000C6C7C /* Products */,
				E1B62E031DC2A7E2009E2D98 /* Frameworks */,
			);
			sourceTree = "<group>";
		};
		E19CA43C1DC28DF3000C6C7C /* Products */ = {
			isa = PBXGroup;
			children = (
				E19CA43B1DC28DF3000C6C7C /* KidsHelpReading.app */,
				E16988B31DC4983800E6F8DF /* KidsHelpReadingTests.xctest */,
			);
			name = Products;
			sourceTree = "<group>";
		};
		E19CA43D1DC28DF3000C6C7C /* KidsHelpReading */ = {
			isa = PBXGroup;
			children = (
				E110FDE71DDCE967009F09DE /* KidsHelpReading.entitlements */,
				E1ABF0811DC5975700DC42EB /* texte */,
				E19CA43E1DC28DF3000C6C7C /* AppDelegate.swift */,
				E1ABF08A1DC5DA6100DC42EB /* Model */,
				E1ABF08B1DC5DA6600DC42EB /* Controller */,
				E19CA4441DC28DF3000C6C7C /* Main.storyboard */,
				E19CA4471DC28DF3000C6C7C /* Assets.xcassets */,
				E19CA4491DC28DF3000C6C7C /* LaunchScreen.storyboard */,
				E19CA44C1DC28DF3000C6C7C /* Info.plist */,
				E19CA4531DC29138000C6C7C /* Credits.rtf */,
				E1E7180F1DD8985E00C81A6A /* KidsHelpReading-Bridging-Header.h */,
			);
			path = KidsHelpReading;
			sourceTree = "<group>";
		};
		E1ABF0811DC5975700DC42EB /* texte */ = {
			isa = PBXGroup;
			children = (
				E1ABF0821DC5978E00DC42EB /* Text.Die Kleine Hexe.txt */,
				E10430CB1DD780EE00BA83D5 /* Text.DieDreiFrageZeichenKids.PanikImParadies.txt */,
				E1ABF0841DC5984E00DC42EB /* Text.Das kleine Gespenst.txt */,
				E1ABF0881DC5A1AB00DC42EB /* Text.Yannicks Wörter.txt */,
				E1ABF08C1DC6075000DC42EB /* Text.Beast Quest - Arachnid, Meister der Spinnen.txt */,
				E10430CD1DD782FF00BA83D5 /* Text.Die Teufelskicker Eine knallharte Saison.txt */,
			);
			name = texte;
			sourceTree = "<group>";
		};
		E1ABF08A1DC5DA6100DC42EB /* Model */ = {
			isa = PBXGroup;
			children = (
				E1B62E951DC2C4B2009E2D98 /* DataContainer.swift */,
				E16988AD1DC40EB300E6F8DF /* GamePlayerModel.swift */,
			);
			name = Model;
			sourceTree = "<group>";
		};
		E1ABF08B1DC5DA6600DC42EB /* Controller */ = {
			isa = PBXGroup;
			children = (
				E19CA4401DC28DF3000C6C7C /* ReadViewController.swift */,
				E16988AB1DC401D800E6F8DF /* GameViewController.swift */,
				E19CA4421DC28DF3000C6C7C /* CreatorViewController.swift */,
				E1B62E061DC2A833009E2D98 /* SettingsViewController.swift */,
				E110FDE11DDA6333009F09DE /* UIStoryCollectionViewCell.swift */,
			);
			name = Controller;
			sourceTree = "<group>";
		};
		E1B62E031DC2A7E2009E2D98 /* Frameworks */ = {
			isa = PBXGroup;
			children = (
				E1FD44F71DD8B0E400258A83 /* tessdata */,
				E1E7180D1DD8978E00C81A6A /* libstdc++.6.0.9.tbd */,
				E1E7180B1DD8977300C81A6A /* CoreImage.framework */,
				E1E717DA1DD8967500C81A6A /* TesseractOCR.framework */,
				E1B62E0B1DC2AF67009E2D98 /* CoreData.framework */,
			);
			name = Frameworks;
			sourceTree = "<group>";
		};
/* End PBXGroup section */

/* Begin PBXNativeTarget section */
		E16988B21DC4983800E6F8DF /* KidsHelpReadingTests */ = {
			isa = PBXNativeTarget;
			buildConfigurationList = E16988BA1DC4983800E6F8DF /* Build configuration list for PBXNativeTarget "KidsHelpReadingTests" */;
			buildPhases = (
				E16988AF1DC4983800E6F8DF /* Sources */,
				E16988B01DC4983800E6F8DF /* Frameworks */,
				E16988B11DC4983800E6F8DF /* Resources */,
			);
			buildRules = (
			);
			dependencies = (
				E16988B91DC4983800E6F8DF /* PBXTargetDependency */,
			);
			name = KidsHelpReadingTests;
			productName = KidsHelpReadingTests;
			productReference = E16988B31DC4983800E6F8DF /* KidsHelpReadingTests.xctest */;
			productType = "com.apple.product-type.bundle.unit-test";
		};
		E19CA43A1DC28DF3000C6C7C /* KidsHelpReading */ = {
			isa = PBXNativeTarget;
			buildConfigurationList = E19CA44F1DC28DF3000C6C7C /* Build configuration list for PBXNativeTarget "KidsHelpReading" */;
			buildPhases = (
				E19CA4371DC28DF3000C6C7C /* Sources */,
				E19CA4381DC28DF3000C6C7C /* Frameworks */,
				E19CA4391DC28DF3000C6C7C /* Resources */,
			);
			buildRules = (
			);
			dependencies = (
			);
			name = KidsHelpReading;
			productName = KidsHelpReading;
			productReference = E19CA43B1DC28DF3000C6C7C /* KidsHelpReading.app */;
			productType = "com.apple.product-type.application";
		};
/* End PBXNativeTarget section */

/* Begin PBXProject section */
		E19CA4331DC28DF3000C6C7C /* Project object */ = {
			isa = PBXProject;
			attributes = {
				LastSwiftUpdateCheck = 0810;
				LastUpgradeCheck = 0810;
				ORGANIZATIONNAME = lolo;
				TargetAttributes = {
					E16988B21DC4983800E6F8DF = {
						CreatedOnToolsVersion = 8.1;
						DevelopmentTeam = W3U24WE3R3;
						ProvisioningStyle = Automatic;
						TestTargetID = E19CA43A1DC28DF3000C6C7C;
					};
					E19CA43A1DC28DF3000C6C7C = {
						CreatedOnToolsVersion = 8.0;
						DevelopmentTeam = W3U24WE3R3;
						LastSwiftMigration = 0810;
						ProvisioningStyle = Automatic;
						SystemCapabilities = {
							com.apple.GameCenter = {
								enabled = 0;
							};
							com.apple.iCloud = {
								enabled = 0;
							};
						};
					};
				};
			};
			buildConfigurationList = E19CA4361DC28DF3000C6C7C /* Build configuration list for PBXProject "KidsHelpReading" */;
			compatibilityVersion = "Xcode 3.2";
			developmentRegion = English;
			hasScannedForEncodings = 0;
			knownRegions = (
				en,
				Base,
			);
			mainGroup = E19CA4321DC28DF3000C6C7C;
			productRefGroup = E19CA43C1DC28DF3000C6C7C /* Products */;
			projectDirPath = "";
			projectRoot = "";
			targets = (
				E19CA43A1DC28DF3000C6C7C /* KidsHelpReading */,
				E16988B21DC4983800E6F8DF /* KidsHelpReadingTests */,
			);
		};
/* End PBXProject section */

/* Begin PBXResourcesBuildPhase section */
		E16988B11DC4983800E6F8DF /* Resources */ = {
			isa = PBXResourcesBuildPhase;
			buildActionMask = 2147483647;
			files = (
			);
			runOnlyForDeploymentPostprocessing = 0;
		};
		E19CA4391DC28DF3000C6C7C /* Resources */ = {
			isa = PBXResourcesBuildPhase;
			buildActionMask = 2147483647;
			files = (
				E1ABF0891DC5A1AB00DC42EB /* Text.Yannicks Wörter.txt in Resources */,
				E19CA44B1DC28DF3000C6C7C /* LaunchScreen.storyboard in Resources */,
				E19CA4481DC28DF3000C6C7C /* Assets.xcassets in Resources */,
				E1FD44F81DD8B0E400258A83 /* tessdata in Resources */,
				E1ABF0831DC5978E00DC42EB /* Text.Die Kleine Hexe.txt in Resources */,
				E10430CC1DD780EE00BA83D5 /* Text.DieDreiFrageZeichenKids.PanikImParadies.txt in Resources */,
				E10430CE1DD782FF00BA83D5 /* Text.Die Teufelskicker Eine knallharte Saison.txt in Resources */,
				E19CA4461DC28DF3000C6C7C /* Main.storyboard in Resources */,
				E1ABF0851DC5984E00DC42EB /* Text.Das kleine Gespenst.txt in Resources */,
				E19CA4541DC29138000C6C7C /* Credits.rtf in Resources */,
				E1ABF08D1DC6075000DC42EB /* Text.Beast Quest - Arachnid, Meister der Spinnen.txt in Resources */,
			);
			runOnlyForDeploymentPostprocessing = 0;
		};
/* End PBXResourcesBuildPhase section */

/* Begin PBXSourcesBuildPhase section */
		E16988AF1DC4983800E6F8DF /* Sources */ = {
			isa = PBXSourcesBuildPhase;
			buildActionMask = 2147483647;
			files = (
				E16988BD1DC4990700E6F8DF /* GamePlayerModel.swift in Sources */,
				E16988B61DC4983800E6F8DF /* KidsHelpReadingTests.swift in Sources */,
				E1ABF07E1DC5546600DC42EB /* GenericTestCase.swift in Sources */,
				E1ABF0801DC5680000DC42EB /* Model.xcdatamodeld in Sources */,
				E1ABF07F1DC5622300DC42EB /* AppDelegate.swift in Sources */,
				E16988BF1DC49AEC00E6F8DF /* DataContainer.swift in Sources */,
				E1152D1B1DC5508000C0083F /* StoryModelTests.swift in Sources */,
			);
			runOnlyForDeploymentPostprocessing = 0;
		};
		E19CA4371DC28DF3000C6C7C /* Sources */ = {
			isa = PBXSourcesBuildPhase;
			buildActionMask = 2147483647;
			files = (
				E16988AE1DC40EB300E6F8DF /* GamePlayerModel.swift in Sources */,
				E16988AC1DC401D800E6F8DF /* GameViewController.swift in Sources */,
				E110FDE21DDA6333009F09DE /* UIStoryCollectionViewCell.swift in Sources */,
				E19CA4431DC28DF3000C6C7C /* CreatorViewController.swift in Sources */,
				E19CA43F1DC28DF3000C6C7C /* AppDelegate.swift in Sources */,
				E1B62E0A1DC2A8F2009E2D98 /* Model.xcdatamodeld in Sources */,
				E19CA4411DC28DF3000C6C7C /* ReadViewController.swift in Sources */,
				E1B62E071DC2A833009E2D98 /* SettingsViewController.swift in Sources */,
				E1B62E961DC2C4B2009E2D98 /* DataContainer.swift in Sources */,
			);
			runOnlyForDeploymentPostprocessing = 0;
		};
/* End PBXSourcesBuildPhase section */

/* Begin PBXTargetDependency section */
		E16988B91DC4983800E6F8DF /* PBXTargetDependency */ = {
			isa = PBXTargetDependency;
			target = E19CA43A1DC28DF3000C6C7C /* KidsHelpReading */;
			targetProxy = E16988B81DC4983800E6F8DF /* PBXContainerItemProxy */;
		};
/* End PBXTargetDependency section */

/* Begin PBXVariantGroup section */
		E19CA4441DC28DF3000C6C7C /* Main.storyboard */ = {
			isa = PBXVariantGroup;
			children = (
				E19CA4451DC28DF3000C6C7C /* Base */,
			);
			name = Main.storyboard;
			sourceTree = "<group>";
		};
		E19CA4491DC28DF3000C6C7C /* LaunchScreen.storyboard */ = {
			isa = PBXVariantGroup;
			children = (
				E19CA44A1DC28DF3000C6C7C /* Base */,
			);
			name = LaunchScreen.storyboard;
			sourceTree = "<group>";
		};
/* End PBXVariantGroup section */

/* Begin XCBuildConfiguration section */
		E16988BB1DC4983800E6F8DF /* Debug */ = {
			isa = XCBuildConfiguration;
			buildSettings = {
				BUNDLE_LOADER = "$(TEST_HOST)";
				DEVELOPMENT_TEAM = W3U24WE3R3;
				INFOPLIST_FILE = KidsHelpReadingTests/Info.plist;
				IPHONEOS_DEPLOYMENT_TARGET = 10.1;
				LD_RUNPATH_SEARCH_PATHS = "$(inherited) @executable_path/Frameworks @loader_path/Frameworks";
				PRODUCT_BUNDLE_IDENTIFIER = ch.lolo.KidsHelpReadingTests;
				PRODUCT_NAME = "$(TARGET_NAME)";
				SWIFT_VERSION = 3.0;
				TEST_HOST = "$(BUILT_PRODUCTS_DIR)/KidsHelpReading.app/KidsHelpReading";
			};
			name = Debug;
		};
		E16988BC1DC4983800E6F8DF /* Release */ = {
			isa = XCBuildConfiguration;
			buildSettings = {
				BUNDLE_LOADER = "$(TEST_HOST)";
				DEVELOPMENT_TEAM = W3U24WE3R3;
				INFOPLIST_FILE = KidsHelpReadingTests/Info.plist;
				IPHONEOS_DEPLOYMENT_TARGET = 10.1;
				LD_RUNPATH_SEARCH_PATHS = "$(inherited) @executable_path/Frameworks @loader_path/Frameworks";
				PRODUCT_BUNDLE_IDENTIFIER = ch.lolo.KidsHelpReadingTests;
				PRODUCT_NAME = "$(TARGET_NAME)";
				SWIFT_VERSION = 3.0;
				TEST_HOST = "$(BUILT_PRODUCTS_DIR)/KidsHelpReading.app/KidsHelpReading";
			};
			name = Release;
		};
		E19CA44D1DC28DF3000C6C7C /* Debug */ = {
			isa = XCBuildConfiguration;
			buildSettings = {
				ALWAYS_SEARCH_USER_PATHS = NO;
				CLANG_ANALYZER_NONNULL = YES;
				CLANG_CXX_LANGUAGE_STANDARD = "gnu++0x";
				CLANG_CXX_LIBRARY = "libc++";
				CLANG_ENABLE_MODULES = YES;
				CLANG_ENABLE_OBJC_ARC = YES;
				CLANG_WARN_BOOL_CONVERSION = YES;
				CLANG_WARN_CONSTANT_CONVERSION = YES;
				CLANG_WARN_DIRECT_OBJC_ISA_USAGE = YES_ERROR;
				CLANG_WARN_DOCUMENTATION_COMMENTS = YES;
				CLANG_WARN_EMPTY_BODY = YES;
				CLANG_WARN_ENUM_CONVERSION = YES;
				CLANG_WARN_INFINITE_RECURSION = YES;
				CLANG_WARN_INT_CONVERSION = YES;
				CLANG_WARN_OBJC_ROOT_CLASS = YES_ERROR;
				CLANG_WARN_SUSPICIOUS_MOVE = YES;
				CLANG_WARN_SUSPICIOUS_MOVES = YES;
				CLANG_WARN_UNREACHABLE_CODE = YES;
				CLANG_WARN__DUPLICATE_METHOD_MATCH = YES;
				"CODE_SIGN_IDENTITY[sdk=iphoneos*]" = "iPhone Developer";
				COPY_PHASE_STRIP = NO;
				DEBUG_INFORMATION_FORMAT = dwarf;
				ENABLE_STRICT_OBJC_MSGSEND = YES;
				ENABLE_TESTABILITY = YES;
				GCC_C_LANGUAGE_STANDARD = gnu99;
				GCC_DYNAMIC_NO_PIC = NO;
				GCC_NO_COMMON_BLOCKS = YES;
				GCC_OPTIMIZATION_LEVEL = 0;
				GCC_PREPROCESSOR_DEFINITIONS = (
					"DEBUG=1",
					"$(inherited)",
				);
				GCC_WARN_64_TO_32_BIT_CONVERSION = YES;
				GCC_WARN_ABOUT_RETURN_TYPE = YES_ERROR;
				GCC_WARN_UNDECLARED_SELECTOR = YES;
				GCC_WARN_UNINITIALIZED_AUTOS = YES_AGGRESSIVE;
				GCC_WARN_UNUSED_FUNCTION = YES;
				GCC_WARN_UNUSED_VARIABLE = YES;
				IPHONEOS_DEPLOYMENT_TARGET = 10.0;
				MTL_ENABLE_DEBUG_INFO = YES;
				ONLY_ACTIVE_ARCH = YES;
				SDKROOT = iphoneos;
				SWIFT_ACTIVE_COMPILATION_CONDITIONS = DEBUG;
				SWIFT_OPTIMIZATION_LEVEL = "-Onone";
				TARGETED_DEVICE_FAMILY = 2;
			};
			name = Debug;
		};
		E19CA44E1DC28DF3000C6C7C /* Release */ = {
			isa = XCBuildConfiguration;
			buildSettings = {
				ALWAYS_SEARCH_USER_PATHS = NO;
				CLANG_ANALYZER_NONNULL = YES;
				CLANG_CXX_LANGUAGE_STANDARD = "gnu++0x";
				CLANG_CXX_LIBRARY = "libc++";
				CLANG_ENABLE_MODULES = YES;
				CLANG_ENABLE_OBJC_ARC = YES;
				CLANG_WARN_BOOL_CONVERSION = YES;
				CLANG_WARN_CONSTANT_CONVERSION = YES;
				CLANG_WARN_DIRECT_OBJC_ISA_USAGE = YES_ERROR;
				CLANG_WARN_DOCUMENTATION_COMMENTS = YES;
				CLANG_WARN_EMPTY_BODY = YES;
				CLANG_WARN_ENUM_CONVERSION = YES;
				CLANG_WARN_INFINITE_RECURSION = YES;
				CLANG_WARN_INT_CONVERSION = YES;
				CLANG_WARN_OBJC_ROOT_CLASS = YES_ERROR;
				CLANG_WARN_SUSPICIOUS_MOVE = YES;
				CLANG_WARN_SUSPICIOUS_MOVES = YES;
				CLANG_WARN_UNREACHABLE_CODE = YES;
				CLANG_WARN__DUPLICATE_METHOD_MATCH = YES;
				"CODE_SIGN_IDENTITY[sdk=iphoneos*]" = "iPhone Developer";
				COPY_PHASE_STRIP = NO;
				DEBUG_INFORMATION_FORMAT = "dwarf-with-dsym";
				ENABLE_NS_ASSERTIONS = NO;
				ENABLE_STRICT_OBJC_MSGSEND = YES;
				GCC_C_LANGUAGE_STANDARD = gnu99;
				GCC_NO_COMMON_BLOCKS = YES;
				GCC_WARN_64_TO_32_BIT_CONVERSION = YES;
				GCC_WARN_ABOUT_RETURN_TYPE = YES_ERROR;
				GCC_WARN_UNDECLARED_SELECTOR = YES;
				GCC_WARN_UNINITIALIZED_AUTOS = YES_AGGRESSIVE;
				GCC_WARN_UNUSED_FUNCTION = YES;
				GCC_WARN_UNUSED_VARIABLE = YES;
				IPHONEOS_DEPLOYMENT_TARGET = 10.0;
				MTL_ENABLE_DEBUG_INFO = NO;
				SDKROOT = iphoneos;
				SWIFT_OPTIMIZATION_LEVEL = "-Owholemodule";
				TARGETED_DEVICE_FAMILY = 2;
				VALIDATE_PRODUCT = YES;
			};
			name = Release;
		};
		E19CA4501DC28DF3000C6C7C /* Debug */ = {
			isa = XCBuildConfiguration;
			buildSettings = {
				ASSETCATALOG_COMPILER_APPICON_NAME = AppIcon;
				CLANG_CXX_LIBRARY = "compiler-default";
				CLANG_ENABLE_MODULES = YES;
				DEVELOPMENT_TEAM = W3U24WE3R3;
				ENABLE_BITCODE = NO;
				FRAMEWORK_SEARCH_PATHS = (
					"$(inherited)",
					"$(PROJECT_DIR)/KidsHelpReading",
					"$(PROJECT_DIR)",
				);
				INFOPLIST_FILE = KidsHelpReading/Info.plist;
				IPHONEOS_DEPLOYMENT_TARGET = 10.0;
				LD_RUNPATH_SEARCH_PATHS = "$(inherited) @executable_path/Frameworks";
				OTHER_LDFLAGS = "-lstdc++";
				PRODUCT_BUNDLE_IDENTIFIER = "com.kids-reading";
				PRODUCT_NAME = "$(TARGET_NAME)";
				SDKROOT = iphoneos;
				SWIFT_OBJC_BRIDGING_HEADER = "KidsHelpReading/KidsHelpReading-Bridging-Header.h";
				SWIFT_OPTIMIZATION_LEVEL = "-Onone";
				SWIFT_VERSION = 3.0;
				TARGETED_DEVICE_FAMILY = 2;
			};
			name = Debug;
		};
		E19CA4511DC28DF3000C6C7C /* Release */ = {
			isa = XCBuildConfiguration;
			buildSettings = {
				ASSETCATALOG_COMPILER_APPICON_NAME = AppIcon;
				CLANG_CXX_LIBRARY = "compiler-default";
				CLANG_ENABLE_MODULES = YES;
				DEVELOPMENT_TEAM = W3U24WE3R3;
				ENABLE_BITCODE = NO;
				FRAMEWORK_SEARCH_PATHS = (
					"$(inherited)",
					"$(PROJECT_DIR)/KidsHelpReading",
					"$(PROJECT_DIR)",
				);
				INFOPLIST_FILE = KidsHelpReading/Info.plist;
				IPHONEOS_DEPLOYMENT_TARGET = 10.0;
				LD_RUNPATH_SEARCH_PATHS = "$(inherited) @executable_path/Frameworks";
				OTHER_LDFLAGS = "-lstdc++";
				PRODUCT_BUNDLE_IDENTIFIER = "com.kids-reading";
				PRODUCT_NAME = "$(TARGET_NAME)";
				SDKROOT = iphoneos;
				SWIFT_OBJC_BRIDGING_HEADER = "KidsHelpReading/KidsHelpReading-Bridging-Header.h";
				SWIFT_VERSION = 3.0;
				TARGETED_DEVICE_FAMILY = 2;
			};
			name = Release;
		};
/* End XCBuildConfiguration section */

/* Begin XCConfigurationList section */
		E16988BA1DC4983800E6F8DF /* Build configuration list for PBXNativeTarget "KidsHelpReadingTests" */ = {
			isa = XCConfigurationList;
			buildConfigurations = (
				E16988BB1DC4983800E6F8DF /* Debug */,
				E16988BC1DC4983800E6F8DF /* Release */,
			);
			defaultConfigurationIsVisible = 0;
			defaultConfigurationName = Release;
		};
		E19CA4361DC28DF3000C6C7C /* Build configuration list for PBXProject "KidsHelpReading" */ = {
			isa = XCConfigurationList;
			buildConfigurations = (
				E19CA44D1DC28DF3000C6C7C /* Debug */,
				E19CA44E1DC28DF3000C6C7C /* Release */,
			);
			defaultConfigurationIsVisible = 0;
			defaultConfigurationName = Release;
		};
		E19CA44F1DC28DF3000C6C7C /* Build configuration list for PBXNativeTarget "KidsHelpReading" */ = {
			isa = XCConfigurationList;
			buildConfigurations = (
				E19CA4501DC28DF3000C6C7C /* Debug */,
				E19CA4511DC28DF3000C6C7C /* Release */,
			);
			defaultConfigurationIsVisible = 0;
			defaultConfigurationName = Release;
		};
/* End XCConfigurationList section */

/* Begin XCVersionGroup section */
		E1B62E081DC2A8F2009E2D98 /* Model.xcdatamodeld */ = {
			isa = XCVersionGroup;
			children = (
				E1B62E091DC2A8F2009E2D98 /* Model.xcdatamodel */,
			);
			currentVersion = E1B62E091DC2A8F2009E2D98 /* Model.xcdatamodel */;
			path = Model.xcdatamodeld;
			sourceTree = "<group>";
			versionGroupType = wrapper.xcdatamodel;
		};
/* End XCVersionGroup section */
	};
	rootObject = E19CA4331DC28DF3000C6C7C /* Project object */;
}
